
Microsoft Visual Studio Solution File, Format Version 12.00
# Visual Studio 14
VisualStudioVersion = 14.0.25420.1
MinimumVisualStudioVersion = 10.0.40219.1
Project("{FAE04EC0-301F-11D3-BF4B-00C04F79EFBC}") = "Logger.Domain", "Logger.Domain\Logger.Domain.csproj", "{6035128B-5FB0-4C96-AC4E-8B193A53A452}"
EndProject
Project("{FAE04EC0-301F-11D3-BF4B-00C04F79EFBC}") = "Logger.Monitor", "Logger.Monitor\Logger.Monitor.csproj", "{9F5EDB00-E3DF-4868-95DD-59DFB7E05D58}"
EndProject
Project("{FAE04EC0-301F-11D3-BF4B-00C04F79EFBC}") = "Logger.Common", "Logger.Common\Logger.Common.csproj", "{DFE0A6AF-1DB2-4599-A315-10582D6C10EF}"
EndProject
Project("{FAE04EC0-301F-11D3-BF4B-00C04F79EFBC}") = "Logger", "Logger\Logger.csproj", "{D171E10A-48CE-4C3A-B3E6-FEAA5D30AD5E}"
EndProject
Project("{FAE04EC0-301F-11D3-BF4B-00C04F79EFBC}") = "Logger.Dao", "Logger.Dao\Logger.Dao.csproj", "{CA8AF164-FD0E-4B3B-87E4-0A1289B5E02F}"
EndProject
Project("{FAE04EC0-301F-11D3-BF4B-00C04F79EFBC}") = "Logger.IDao", "Logger.IDao\Logger.IDao.csproj", "{51C4CAB0-86B4-4E12-BF5C-6C99E922DCDD}"
EndProject
Project("{FAE04EC0-301F-11D3-BF4B-00C04F79EFBC}") = "Logger.IService", "Logger.IService\Logger.IService.csproj", "{C7C963DE-8362-4882-AA3B-678D2B74AC8C}"
EndProject
Project("{FAE04EC0-301F-11D3-BF4B-00C04F79EFBC}") = "Logger.Service", "Logger.Service\Logger.Service.csproj", "{F2621E86-CB23-42AB-80CA-385E89E79710}"
EndProject
Project("{2150E333-8FDC-42A3-9474-1A3956D46DE8}") = "Dao", "Dao", "{45CBD4B9-5C0D-4BDD-9DA8-E5B50E5DC3FC}"
EndProject
Project("{2150E333-8FDC-42A3-9474-1A3956D46DE8}") = "Service", "Service", "{5A2E0FF2-9AE8-4C2C-ABC5-0838C1599599}"
EndProject
Project("{2150E333-8FDC-42A3-9474-1A3956D46DE8}") = "Model", "Model", "{646DC172-F56D-41E1-B16F-86F3200AD270}"
EndProject
Project("{2150E333-8FDC-42A3-9474-1A3956D46DE8}") = "Common", "Common", "{6404F633-5380-4F68-8CC0-688C809AA98C}"
EndProject
Project("{FAE04EC0-301F-11D3-BF4B-00C04F79EFBC}") = "Logger.ViewModel", "Logger.ViewModel\Logger.ViewModel.csproj", "{B074201B-A454-4313-B1A3-976241CF41D3}"
EndProject
Project("{FAE04EC0-301F-11D3-BF4B-00C04F79EFBC}") = "Logger.Data", "Logger.Data\Logger.Data.csproj", "{6CBFF759-B48B-4553-8801-87A4CF56849F}"
EndProject
Global
	GlobalSection(SolutionConfigurationPlatforms) = preSolution
		Debug|Any CPU = Debug|Any CPU
		Release|Any CPU = Release|Any CPU
	EndGlobalSection
	GlobalSection(ProjectConfigurationPlatforms) = postSolution
		{6035128B-5FB0-4C96-AC4E-8B193A53A452}.Debug|Any CPU.ActiveCfg = Debug|Any CPU
		{6035128B-5FB0-4C96-AC4E-8B193A53A452}.Debug|Any CPU.Build.0 = Debug|Any CPU
		{6035128B-5FB0-4C96-AC4E-8B193A53A452}.Release|Any CPU.ActiveCfg = Release|Any CPU
		{6035128B-5FB0-4C96-AC4E-8B193A53A452}.Release|Any CPU.Build.0 = Release|Any CPU
		{9F5EDB00-E3DF-4868-95DD-59DFB7E05D58}.Debug|Any CPU.ActiveCfg = Debug|Any CPU
		{9F5EDB00-E3DF-4868-95DD-59DFB7E05D58}.Debug|Any CPU.Build.0 = Debug|Any CPU
		{9F5EDB00-E3DF-4868-95DD-59DFB7E05D58}.Release|Any CPU.ActiveCfg = Release|Any CPU
		{9F5EDB00-E3DF-4868-95DD-59DFB7E05D58}.Release|Any CPU.Build.0 = Release|Any CPU
		{DFE0A6AF-1DB2-4599-A315-10582D6C10EF}.Debug|Any CPU.ActiveCfg = Debug|Any CPU
		{DFE0A6AF-1DB2-4599-A315-10582D6C10EF}.Debug|Any CPU.Build.0 = Debug|Any CPU
		{DFE0A6AF-1DB2-4599-A315-10582D6C10EF}.Release|Any CPU.ActiveCfg = Release|Any CPU
		{DFE0A6AF-1DB2-4599-A315-10582D6C10EF}.Release|Any CPU.Build.0 = Release|Any CPU
		{D171E10A-48CE-4C3A-B3E6-FEAA5D30AD5E}.Debug|Any CPU.ActiveCfg = Debug|Any CPU
		{D171E10A-48CE-4C3A-B3E6-FEAA5D30AD5E}.Debug|Any CPU.Build.0 = Debug|Any CPU
		{D171E10A-48CE-4C3A-B3E6-FEAA5D30AD5E}.Release|Any CPU.ActiveCfg = Release|Any CPU
		{D171E10A-48CE-4C3A-B3E6-FEAA5D30AD5E}.Release|Any CPU.Build.0 = Release|Any CPU
		{CA8AF164-FD0E-4B3B-87E4-0A1289B5E02F}.Debug|Any CPU.ActiveCfg = Debug|Any CPU
		{CA8AF164-FD0E-4B3B-87E4-0A1289B5E02F}.Debug|Any CPU.Build.0 = Debug|Any CPU
		{CA8AF164-FD0E-4B3B-87E4-0A1289B5E02F}.Release|Any CPU.ActiveCfg = Release|Any CPU
		{CA8AF164-FD0E-4B3B-87E4-0A1289B5E02F}.Release|Any CPU.Build.0 = Release|Any CPU
		{51C4CAB0-86B4-4E12-BF5C-6C99E922DCDD}.Debug|Any CPU.ActiveCfg = Debug|Any CPU
		{51C4CAB0-86B4-4E12-BF5C-6C99E922DCDD}.Debug|Any CPU.Build.0 = Debug|Any CPU
		{51C4CAB0-86B4-4E12-BF5C-6C99E922DCDD}.Release|Any CPU.ActiveCfg = Release|Any CPU
		{51C4CAB0-86B4-4E12-BF5C-6C99E922DCDD}.Release|Any CPU.Build.0 = Release|Any CPU
		{C7C963DE-8362-4882-AA3B-678D2B74AC8C}.Debug|Any CPU.ActiveCfg = Debug|Any CPU
		{C7C963DE-8362-4882-AA3B-678D2B74AC8C}.Debug|Any CPU.Build.0 = Debug|Any CPU
		{C7C963DE-8362-4882-AA3B-678D2B74AC8C}.Release|Any CPU.ActiveCfg = Release|Any CPU
		{C7C963DE-8362-4882-AA3B-678D2B74AC8C}.Release|Any CPU.Build.0 = Release|Any CPU
		{F2621E86-CB23-42AB-80CA-385E89E79710}.Debug|Any CPU.ActiveCfg = Debug|Any CPU
		{F2621E86-CB23-42AB-80CA-385E89E79710}.Debug|Any CPU.Build.0 = Debug|Any CPU
		{F2621E86-CB23-42AB-80CA-385E89E79710}.Release|Any CPU.ActiveCfg = Release|Any CPU
		{F2621E86-CB23-42AB-80CA-385E89E79710}.Release|Any CPU.Build.0 = Release|Any CPU
		{B074201B-A454-4313-B1A3-976241CF41D3}.Debug|Any CPU.ActiveCfg = Debug|Any CPU
		{B074201B-A454-4313-B1A3-976241CF41D3}.Debug|Any CPU.Build.0 = Debug|Any CPU
		{B074201B-A454-4313-B1A3-976241CF41D3}.Release|Any CPU.ActiveCfg = Release|Any CPU
		{B074201B-A454-4313-B1A3-976241CF41D3}.Release|Any CPU.Build.0 = Release|Any CPU
		{6CBFF759-B48B-4553-8801-87A4CF56849F}.Debug|Any CPU.ActiveCfg = Debug|Any CPU
		{6CBFF759-B48B-4553-8801-87A4CF56849F}.Debug|Any CPU.Build.0 = Debug|Any CPU
		{6CBFF759-B48B-4553-8801-87A4CF56849F}.Release|Any CPU.ActiveCfg = Release|Any CPU
		{6CBFF759-B48B-4553-8801-87A4CF56849F}.Release|Any CPU.Build.0 = Release|Any CPU
	EndGlobalSection
	GlobalSection(SolutionProperties) = preSolution
		HideSolutionNode = FALSE
	EndGlobalSection
	GlobalSection(NestedProjects) = preSolution
		{6035128B-5FB0-4C96-AC4E-8B193A53A452} = {646DC172-F56D-41E1-B16F-86F3200AD270}
		{9F5EDB00-E3DF-4868-95DD-59DFB7E05D58} = {6404F633-5380-4F68-8CC0-688C809AA98C}
		{DFE0A6AF-1DB2-4599-A315-10582D6C10EF} = {6404F633-5380-4F68-8CC0-688C809AA98C}
		{CA8AF164-FD0E-4B3B-87E4-0A1289B5E02F} = {45CBD4B9-5C0D-4BDD-9DA8-E5B50E5DC3FC}
		{51C4CAB0-86B4-4E12-BF5C-6C99E922DCDD} = {45CBD4B9-5C0D-4BDD-9DA8-E5B50E5DC3FC}
		{C7C963DE-8362-4882-AA3B-678D2B74AC8C} = {5A2E0FF2-9AE8-4C2C-ABC5-0838C1599599}
		{F2621E86-CB23-42AB-80CA-385E89E79710} = {5A2E0FF2-9AE8-4C2C-ABC5-0838C1599599}
		{B074201B-A454-4313-B1A3-976241CF41D3} = {646DC172-F56D-41E1-B16F-86F3200AD270}
		{6CBFF759-B48B-4553-8801-87A4CF56849F} = {6404F633-5380-4F68-8CC0-688C809AA98C}
	EndGlobalSection
EndGlobal
